
Microsoft Visual Studio Solution File, Format Version 12.00
# Visual Studio 14
VisualStudioVersion = 14.0.23107.0
MinimumVisualStudioVersion = 10.0.40219.1
Project("{FAE04EC0-301F-11D3-BF4B-00C04F79EFBC}") = "DemoMvc", "DemoMvc\DemoMvc.csproj", "{EE05A0FB-8106-4BEA-BD25-651BE91638BD}"
EndProject
Project("{FAE04EC0-301F-11D3-BF4B-00C04F79EFBC}") = "Demo.Business", "Demo.Business\Demo.Business.csproj", "{18C5271E-9B8E-42AA-BB1D-9A40E570039A}"
EndProject
Project("{FAE04EC0-301F-11D3-BF4B-00C04F79EFBC}") = "Demo.Data", "Demo.Data\Demo.Data.csproj", "{36567BEC-3B1D-404D-AD0D-56E3A195C675}"
EndProject
Project("{FAE04EC0-301F-11D3-BF4B-00C04F79EFBC}") = "Demo.Entity", "Demo.Entity\Demo.Entity.csproj", "{17F09266-C0F8-482C-95EC-74DBA708EA70}"
EndProject
Global
	GlobalSection(SolutionConfigurationPlatforms) = preSolution
		Debug|Any CPU = Debug|Any CPU
		Release|Any CPU = Release|Any CPU
	EndGlobalSection
	GlobalSection(ProjectConfigurationPlatforms) = postSolution
		{EE05A0FB-8106-4BEA-BD25-651BE91638BD}.Debug|Any CPU.ActiveCfg = Debug|Any CPU
		{EE05A0FB-8106-4BEA-BD25-651BE91638BD}.Debug|Any CPU.Build.0 = Debug|Any CPU
		{EE05A0FB-8106-4BEA-BD25-651BE91638BD}.Release|Any CPU.ActiveCfg = Release|Any CPU
		{EE05A0FB-8106-4BEA-BD25-651BE91638BD}.Release|Any CPU.Build.0 = Release|Any CPU
		{18C5271E-9B8E-42AA-BB1D-9A40E570039A}.Debug|Any CPU.ActiveCfg = Debug|Any CPU
		{18C5271E-9B8E-42AA-BB1D-9A40E570039A}.Debug|Any CPU.Build.0 = Debug|Any CPU
		{18C5271E-9B8E-42AA-BB1D-9A40E570039A}.Release|Any CPU.ActiveCfg = Release|Any CPU
		{18C5271E-9B8E-42AA-BB1D-9A40E570039A}.Release|Any CPU.Build.0 = Release|Any CPU
		{36567BEC-3B1D-404D-AD0D-56E3A195C675}.Debug|Any CPU.ActiveCfg = Debug|Any CPU
		{36567BEC-3B1D-404D-AD0D-56E3A195C675}.Debug|Any CPU.Build.0 = Debug|Any CPU
		{36567BEC-3B1D-404D-AD0D-56E3A195C675}.Release|Any CPU.ActiveCfg = Release|Any CPU
		{36567BEC-3B1D-404D-AD0D-56E3A195C675}.Release|Any CPU.Build.0 = Release|Any CPU
		{17F09266-C0F8-482C-95EC-74DBA708EA70}.Debug|Any CPU.ActiveCfg = Debug|Any CPU
		{17F09266-C0F8-482C-95EC-74DBA708EA70}.Debug|Any CPU.Build.0 = Debug|Any CPU
		{17F09266-C0F8-482C-95EC-74DBA708EA70}.Release|Any CPU.ActiveCfg = Release|Any CPU
		{17F09266-C0F8-482C-95EC-74DBA708EA70}.Release|Any CPU.Build.0 = Release|Any CPU
	EndGlobalSection
	GlobalSection(SolutionProperties) = preSolution
		HideSolutionNode = FALSE
	EndGlobalSection
EndGlobal
